// !$*UTF8*$!
{
	archiveVersion = 1;
	classes = {
	};
	objectVersion = 46;
	objects = {

/* Begin PBXBuildFile section */
		2C9A43AF99BB37DE8214F388 /* Pods_Phoenix.framework in Frameworks */ = {isa = PBXBuildFile; fileRef = 55E2E2619CFDF349BF9C2FD9 /* Pods_Phoenix.framework */; };
		CE0FD88B1DF8A17D00D7BEE4 /* AppDelegate.swift in Sources */ = {isa = PBXBuildFile; fileRef = CE0FD88A1DF8A17D00D7BEE4 /* AppDelegate.swift */; };
		CE0FD88D1DF8A17D00D7BEE4 /* ViewController.swift in Sources */ = {isa = PBXBuildFile; fileRef = CE0FD88C1DF8A17D00D7BEE4 /* ViewController.swift */; };
		CE0FD8901DF8A17D00D7BEE4 /* Main.storyboard in Resources */ = {isa = PBXBuildFile; fileRef = CE0FD88E1DF8A17D00D7BEE4 /* Main.storyboard */; };
		CE0FD8921DF8A17D00D7BEE4 /* Assets.xcassets in Resources */ = {isa = PBXBuildFile; fileRef = CE0FD8911DF8A17D00D7BEE4 /* Assets.xcassets */; };
		CE0FD8951DF8A17D00D7BEE4 /* LaunchScreen.storyboard in Resources */ = {isa = PBXBuildFile; fileRef = CE0FD8931DF8A17D00D7BEE4 /* LaunchScreen.storyboard */; };
/* End PBXBuildFile section */

/* Begin PBXFileReference section */
		0267895CA47B48518EE059D3 /* Pods-Phoenix.release.xcconfig */ = {isa = PBXFileReference; includeInIndex = 1; lastKnownFileType = text.xcconfig; name = "Pods-Phoenix.release.xcconfig"; path = "Pods/Target Support Files/Pods-Phoenix/Pods-Phoenix.release.xcconfig"; sourceTree = "<group>"; };
		55E2E2619CFDF349BF9C2FD9 /* Pods_Phoenix.framework */ = {isa = PBXFileReference; explicitFileType = wrapper.framework; includeInIndex = 0; path = Pods_Phoenix.framework; sourceTree = BUILT_PRODUCTS_DIR; };
		CE0FD8871DF8A17D00D7BEE4 /* Phoenix.app */ = {isa = PBXFileReference; explicitFileType = wrapper.application; includeInIndex = 0; path = Phoenix.app; sourceTree = BUILT_PRODUCTS_DIR; };
		CE0FD88A1DF8A17D00D7BEE4 /* AppDelegate.swift */ = {isa = PBXFileReference; lastKnownFileType = sourcecode.swift; path = AppDelegate.swift; sourceTree = "<group>"; };
		CE0FD88C1DF8A17D00D7BEE4 /* ViewController.swift */ = {isa = PBXFileReference; lastKnownFileType = sourcecode.swift; path = ViewController.swift; sourceTree = "<group>"; };
		CE0FD88F1DF8A17D00D7BEE4 /* Base */ = {isa = PBXFileReference; lastKnownFileType = file.storyboard; name = Base; path = Base.lproj/Main.storyboard; sourceTree = "<group>"; };
		CE0FD8911DF8A17D00D7BEE4 /* Assets.xcassets */ = {isa = PBXFileReference; lastKnownFileType = folder.assetcatalog; path = Assets.xcassets; sourceTree = "<group>"; };
		CE0FD8941DF8A17D00D7BEE4 /* Base */ = {isa = PBXFileReference; lastKnownFileType = file.storyboard; name = Base; path = Base.lproj/LaunchScreen.storyboard; sourceTree = "<group>"; };
		CE0FD8961DF8A17D00D7BEE4 /* Info.plist */ = {isa = PBXFileReference; lastKnownFileType = text.plist.xml; path = Info.plist; sourceTree = "<group>"; };
		DAE051CA448B793976E26ABF /* Pods-Phoenix.debug.xcconfig */ = {isa = PBXFileReference; includeInIndex = 1; lastKnownFileType = text.xcconfig; name = "Pods-Phoenix.debug.xcconfig"; path = "Pods/Target Support Files/Pods-Phoenix/Pods-Phoenix.debug.xcconfig"; sourceTree = "<group>"; };
/* End PBXFileReference section */

/* Begin PBXFrameworksBuildPhase section */
		CE0FD8841DF8A17D00D7BEE4 /* Frameworks */ = {
			isa = PBXFrameworksBuildPhase;
			buildActionMask = 2147483647;
			files = (
				2C9A43AF99BB37DE8214F388 /* Pods_Phoenix.framework in Frameworks */,
			);
			runOnlyForDeploymentPostprocessing = 0;
		};
/* End PBXFrameworksBuildPhase section */

/* Begin PBXGroup section */
		0646F4CD545F1F33377C6E26 /* Pods */ = {
			isa = PBXGroup;
			children = (
				DAE051CA448B793976E26ABF /* Pods-Phoenix.debug.xcconfig */,
				0267895CA47B48518EE059D3 /* Pods-Phoenix.release.xcconfig */,
			);
			name = Pods;
			sourceTree = "<group>";
		};
		13C1E3F0A408E0C9AC6215CE /* Frameworks */ = {
			isa = PBXGroup;
			children = (
				55E2E2619CFDF349BF9C2FD9 /* Pods_Phoenix.framework */,
			);
			name = Frameworks;
			sourceTree = "<group>";
		};
		CE0FD87E1DF8A17D00D7BEE4 = {
			isa = PBXGroup;
			children = (
				CE0FD8891DF8A17D00D7BEE4 /* Phoenix */,
				CE0FD8881DF8A17D00D7BEE4 /* Products */,
				0646F4CD545F1F33377C6E26 /* Pods */,
				13C1E3F0A408E0C9AC6215CE /* Frameworks */,
			);
			sourceTree = "<group>";
		};
		CE0FD8881DF8A17D00D7BEE4 /* Products */ = {
			isa = PBXGroup;
			children = (
				CE0FD8871DF8A17D00D7BEE4 /* Phoenix.app */,
			);
			name = Products;
			sourceTree = "<group>";
		};
		CE0FD8891DF8A17D00D7BEE4 /* Phoenix */ = {
			isa = PBXGroup;
			children = (
				CE0FD88A1DF8A17D00D7BEE4 /* AppDelegate.swift */,
				CE0FD88C1DF8A17D00D7BEE4 /* ViewController.swift */,
				CE0FD88E1DF8A17D00D7BEE4 /* Main.storyboard */,
				CE0FD8911DF8A17D00D7BEE4 /* Assets.xcassets */,
				CE0FD8931DF8A17D00D7BEE4 /* LaunchScreen.storyboard */,
				CE0FD8961DF8A17D00D7BEE4 /* Info.plist */,
			);
			path = Phoenix;
			sourceTree = "<group>";
		};
/* End PBXGroup section */

/* Begin PBXNativeTarget section */
		CE0FD8861DF8A17D00D7BEE4 /* Phoenix */ = {
			isa = PBXNativeTarget;
			buildConfigurationList = CE0FD8991DF8A17D00D7BEE4 /* Build configuration list for PBXNativeTarget "Phoenix" */;
			buildPhases = (
				948A80B158AF8B157CB0F85E /* [CP] Check Pods Manifest.lock */,
				CE0FD8831DF8A17D00D7BEE4 /* Sources */,
				CE0FD8841DF8A17D00D7BEE4 /* Frameworks */,
				CE0FD8851DF8A17D00D7BEE4 /* Resources */,
				029E16FBCAFB516C456A40EA /* [CP] Embed Pods Frameworks */,
				6DF654B8E8805EF89C098503 /* [CP] Copy Pods Resources */,
			);
			buildRules = (
			);
			dependencies = (
			);
			name = Phoenix;
			productName = Phoenix;
			productReference = CE0FD8871DF8A17D00D7BEE4 /* Phoenix.app */;
			productType = "com.apple.product-type.application";
		};
/* End PBXNativeTarget section */

/* Begin PBXProject section */
		CE0FD87F1DF8A17D00D7BEE4 /* Project object */ = {
			isa = PBXProject;
			attributes = {
				LastSwiftUpdateCheck = 0810;
				LastUpgradeCheck = 0810;
				ORGANIZATIONNAME = "Ajit Horo";
				TargetAttributes = {
					CE0FD8861DF8A17D00D7BEE4 = {
						CreatedOnToolsVersion = 8.1;
						ProvisioningStyle = Automatic;
					};
				};
			};
			buildConfigurationList = CE0FD8821DF8A17D00D7BEE4 /* Build configuration list for PBXProject "Phoenix" */;
			compatibilityVersion = "Xcode 3.2";
			developmentRegion = English;
			hasScannedForEncodings = 0;
			knownRegions = (
				en,
				Base,
			);
			mainGroup = CE0FD87E1DF8A17D00D7BEE4;
			productRefGroup = CE0FD8881DF8A17D00D7BEE4 /* Products */;
			projectDirPath = "";
			projectRoot = "";
			targets = (
				CE0FD8861DF8A17D00D7BEE4 /* Phoenix */,
			);
		};
/* End PBXProject section */

/* Begin PBXResourcesBuildPhase section */
		CE0FD8851DF8A17D00D7BEE4 /* Resources */ = {
			isa = PBXResourcesBuildPhase;
			buildActionMask = 2147483647;
			files = (
				CE0FD8951DF8A17D00D7BEE4 /* LaunchScreen.storyboard in Resources */,
				CE0FD8921DF8A17D00D7BEE4 /* Assets.xcassets in Resources */,
				CE0FD8901DF8A17D00D7BEE4 /* Main.storyboard in Resources */,
			);
			runOnlyForDeploymentPostprocessing = 0;
		};
/* End PBXResourcesBuildPhase section */

/* Begin PBXShellScriptBuildPhase section */
		029E16FBCAFB516C456A40EA /* [CP] Embed Pods Frameworks */ = {
			isa = PBXShellScriptBuildPhase;
			buildActionMask = 2147483647;
			files = (
			);
			inputPaths = (
			);
			name = "[CP] Embed Pods Frameworks";
			outputPaths = (
			);
			runOnlyForDeploymentPostprocessing = 0;
			shellPath = /bin/sh;
			shellScript = "\"${SRCROOT}/Pods/Target Support Files/Pods-Phoenix/Pods-Phoenix-frameworks.sh\"\n";
			showEnvVarsInLog = 0;
		};
		6DF654B8E8805EF89C098503 /* [CP] Copy Pods Resources */ = {
			isa = PBXShellScriptBuildPhase;
			buildActionMask = 2147483647;
			files = (
			);
			inputPaths = (
			);
			name = "[CP] Copy Pods Resources";
			outputPaths = (
			);
			runOnlyForDeploymentPostprocessing = 0;
			shellPath = /bin/sh;
			shellScript = "\"${SRCROOT}/Pods/Target Support Files/Pods-Phoenix/Pods-Phoenix-resources.sh\"\n";
			showEnvVarsInLog = 0;
		};
		948A80B158AF8B157CB0F85E /* [CP] Check Pods Manifest.lock */ = {
			isa = PBXShellScriptBuildPhase;
			buildActionMask = 2147483647;
			files = (
			);
			inputPaths = (
			);
			name = "[CP] Check Pods Manifest.lock";
			outputPaths = (
			);
			runOnlyForDeploymentPostprocessing = 0;
			shellPath = /bin/sh;
			shellScript = "diff \"${PODS_ROOT}/../Podfile.lock\" \"${PODS_ROOT}/Manifest.lock\" > /dev/null\nif [ $? != 0 ] ; then\n    # print error to STDERR\n    echo \"error: The sandbox is not in sync with the Podfile.lock. Run 'pod install' or update your CocoaPods installation.\" >&2\n    exit 1\nfi\n";
			showEnvVarsInLog = 0;
		};
/* End PBXShellScriptBuildPhase section */

/* Begin PBXSourcesBuildPhase section */
		CE0FD8831DF8A17D00D7BEE4 /* Sources */ = {
			isa = PBXSourcesBuildPhase;
			buildActionMask = 2147483647;
			files = (
				CE0FD88D1DF8A17D00D7BEE4 /* ViewController.swift in Sources */,
				CE0FD88B1DF8A17D00D7BEE4 /* AppDelegate.swift in Sources */,
			);
			runOnlyForDeploymentPostprocessing = 0;
		};
/* End PBXSourcesBuildPhase section */

/* Begin PBXVariantGroup section */
		CE0FD88E1DF8A17D00D7BEE4 /* Main.storyboard */ = {
			isa = PBXVariantGroup;
			children = (
				CE0FD88F1DF8A17D00D7BEE4 /* Base */,
			);
			name = Main.storyboard;
			sourceTree = "<group>";
		};
		CE0FD8931DF8A17D00D7BEE4 /* LaunchScreen.storyboard */ = {
			isa = PBXVariantGroup;
			children = (
				CE0FD8941DF8A17D00D7BEE4 /* Base */,
			);
			name = LaunchScreen.storyboard;
			sourceTree = "<group>";
		};
/* End PBXVariantGroup section */

/* Begin XCBuildConfiguration section */
		CE0FD8971DF8A17D00D7BEE4 /* Debug */ = {
			isa = XCBuildConfiguration;
			buildSettings = {
				ALWAYS_SEARCH_USER_PATHS = NO;
				CLANG_ANALYZER_NONNULL = YES;
				CLANG_CXX_LANGUAGE_STANDARD = "gnu++0x";
				CLANG_CXX_LIBRARY = "libc++";
				CLANG_ENABLE_MODULES = YES;
				CLANG_ENABLE_OBJC_ARC = YES;
				CLANG_WARN_BOOL_CONVERSION = YES;
				CLANG_WARN_CONSTANT_CONVERSION = YES;
				CLANG_WARN_DIRECT_OBJC_ISA_USAGE = YES_ERROR;
				CLANG_WARN_DOCUMENTATION_COMMENTS = YES;
				CLANG_WARN_EMPTY_BODY = YES;
				CLANG_WARN_ENUM_CONVERSION = YES;
				CLANG_WARN_INFINITE_RECURSION = YES;
				CLANG_WARN_INT_CONVERSION = YES;
				CLANG_WARN_OBJC_ROOT_CLASS = YES_ERROR;
				CLANG_WARN_SUSPICIOUS_MOVES = YES;
				CLANG_WARN_UNREACHABLE_CODE = YES;
				CLANG_WARN__DUPLICATE_METHOD_MATCH = YES;
				"CODE_SIGN_IDENTITY[sdk=iphoneos*]" = "iPhone Developer";
				COPY_PHASE_STRIP = NO;
				DEBUG_INFORMATION_FORMAT = dwarf;
				ENABLE_STRICT_OBJC_MSGSEND = YES;
				ENABLE_TESTABILITY = YES;
				GCC_C_LANGUAGE_STANDARD = gnu99;
				GCC_DYNAMIC_NO_PIC = NO;
				GCC_NO_COMMON_BLOCKS = YES;
				GCC_OPTIMIZATION_LEVEL = 0;
				GCC_PREPROCESSOR_DEFINITIONS = (
					"DEBUG=1",
					"$(inherited)",
				);
				GCC_WARN_64_TO_32_BIT_CONVERSION = YES;
				GCC_WARN_ABOUT_RETURN_TYPE = YES_ERROR;
				GCC_WARN_UNDECLARED_SELECTOR = YES;
				GCC_WARN_UNINITIALIZED_AUTOS = YES_AGGRESSIVE;
				GCC_WARN_UNUSED_FUNCTION = YES;
				GCC_WARN_UNUSED_VARIABLE = YES;
				IPHONEOS_DEPLOYMENT_TARGET = 10.1;
				MTL_ENABLE_DEBUG_INFO = YES;
				ONLY_ACTIVE_ARCH = YES;
				SDKROOT = iphoneos;
				SWIFT_ACTIVE_COMPILATION_CONDITIONS = DEBUG;
				SWIFT_OPTIMIZATION_LEVEL = "-Onone";
			};
			name = Debug;
		};
		CE0FD8981DF8A17D00D7BEE4 /* Release */ = {
			isa = XCBuildConfiguration;
			buildSettings = {
				ALWAYS_SEARCH_USER_PATHS = NO;
				CLANG_ANALYZER_NONNULL = YES;
				CLANG_CXX_LANGUAGE_STANDARD = "gnu++0x";
				CLANG_CXX_LIBRARY = "libc++";
				CLANG_ENABLE_MODULES = YES;
				CLANG_ENABLE_OBJC_ARC = YES;
				CLANG_WARN_BOOL_CONVERSION = YES;
				CLANG_WARN_CONSTANT_CONVERSION = YES;
				CLANG_WARN_DIRECT_OBJC_ISA_USAGE = YES_ERROR;
				CLANG_WARN_DOCUMENTATION_COMMENTS = YES;
				CLANG_WARN_EMPTY_BODY = YES;
				CLANG_WARN_ENUM_CONVERSION = YES;
				CLANG_WARN_INFINITE_RECURSION = YES;
				CLANG_WARN_INT_CONVERSION = YES;
				CLANG_WARN_OBJC_ROOT_CLASS = YES_ERROR;
				CLANG_WARN_SUSPICIOUS_MOVES = YES;
				CLANG_WARN_UNREACHABLE_CODE = YES;
				CLANG_WARN__DUPLICATE_METHOD_MATCH = YES;
				"CODE_SIGN_IDENTITY[sdk=iphoneos*]" = "iPhone Developer";
				COPY_PHASE_STRIP = NO;
				DEBUG_INFORMATION_FORMAT = "dwarf-with-dsym";
				ENABLE_NS_ASSERTIONS = NO;
				ENABLE_STRICT_OBJC_MSGSEND = YES;
				GCC_C_LANGUAGE_STANDARD = gnu99;
				GCC_NO_COMMON_BLOCKS = YES;
				GCC_WARN_64_TO_32_BIT_CONVERSION = YES;
				GCC_WARN_ABOUT_RETURN_TYPE = YES_ERROR;
				GCC_WARN_UNDECLARED_SELECTOR = YES;
				GCC_WARN_UNINITIALIZED_AUTOS = YES_AGGRESSIVE;
				GCC_WARN_UNUSED_FUNCTION = YES;
				GCC_WARN_UNUSED_VARIABLE = YES;
				IPHONEOS_DEPLOYMENT_TARGET = 10.1;
				MTL_ENABLE_DEBUG_INFO = NO;
				SDKROOT = iphoneos;
				SWIFT_OPTIMIZATION_LEVEL = "-Owholemodule";
				VALIDATE_PRODUCT = YES;
			};
			name = Release;
		};
		CE0FD89A1DF8A17D00D7BEE4 /* Debug */ = {
			isa = XCBuildConfiguration;
			baseConfigurationReference = DAE051CA448B793976E26ABF /* Pods-Phoenix.debug.xcconfig */;
			buildSettings = {
				ASSETCATALOG_COMPILER_APPICON_NAME = AppIcon;
				INFOPLIST_FILE = Phoenix/Info.plist;
				IPHONEOS_DEPLOYMENT_TARGET = 9.0;
				LD_RUNPATH_SEARCH_PATHS = "$(inherited) @executable_path/Frameworks";
				PRODUCT_BUNDLE_IDENTIFIER = ajithoro.Phoenix;
				PRODUCT_NAME = "$(TARGET_NAME)";
				SWIFT_VERSION = 3.0;
			};
			name = Debug;
		};
		CE0FD89B1DF8A17D00D7BEE4 /* Release */ = {
			isa = XCBuildConfiguration;
			baseConfigurationReference = 0267895CA47B48518EE059D3 /* Pods-Phoenix.release.xcconfig */;
			buildSettings = {
				ASSETCATALOG_COMPILER_APPICON_NAME = AppIcon;
				INFOPLIST_FILE = Phoenix/Info.plist;
				IPHONEOS_DEPLOYMENT_TARGET = 9.0;
				LD_RUNPATH_SEARCH_PATHS = "$(inherited) @executable_path/Frameworks";
				PRODUCT_BUNDLE_IDENTIFIER = ajithoro.Phoenix;
				PRODUCT_NAME = "$(TARGET_NAME)";
				SWIFT_VERSION = 3.0;
			};
			name = Release;
		};
/* End XCBuildConfiguration section */

/* Begin XCConfigurationList section */
		CE0FD8821DF8A17D00D7BEE4 /* Build configuration list for PBXProject "Phoenix" */ = {
			isa = XCConfigurationList;
			buildConfigurations = (
				CE0FD8971DF8A17D00D7BEE4 /* Debug */,
				CE0FD8981DF8A17D00D7BEE4 /* Release */,
			);
			defaultConfigurationIsVisible = 0;
			defaultConfigurationName = Release;
		};
		CE0FD8991DF8A17D00D7BEE4 /* Build configuration list for PBXNativeTarget "Phoenix" */ = {
			isa = XCConfigurationList;
			buildConfigurations = (
				CE0FD89A1DF8A17D00D7BEE4 /* Debug */,
				CE0FD89B1DF8A17D00D7BEE4 /* Release */,
			);
			defaultConfigurationIsVisible = 0;
			defaultConfigurationName = Release;
		};
/* End XCConfigurationList section */
	};
	rootObject = CE0FD87F1DF8A17D00D7BEE4 /* Project object */;
}
